
Microsoft Visual Studio Solution File, Format Version 12.00
# Visual Studio Version 16
VisualStudioVersion = 16.0.30204.135
MinimumVisualStudioVersion = 10.0.40219.1
Project("{9A19103F-16F7-4668-BE54-9A1E7A4F7556}") = "WeatherCitycodeCore", "WeatherCitycodeCore.csproj", "{79560D16-BEE8-4A35-B3D3-4C17C4A458A3}"
EndProject
Global
	GlobalSection(SolutionConfigurationPlatforms) = preSolution
		Debug|Any CPU = Debug|Any CPU
		Release|Any CPU = Release|Any CPU
	EndGlobalSection
	GlobalSection(ProjectConfigurationPlatforms) = postSolution
		{79560D16-BEE8-4A35-B3D3-4C17C4A458A3}.Debug|Any CPU.ActiveCfg = Debug|Any CPU
		{79560D16-BEE8-4A35-B3D3-4C17C4A458A3}.Debug|Any CPU.Build.0 = Debug|Any CPU
		{79560D16-BEE8-4A35-B3D3-4C17C4A458A3}.Release|Any CPU.ActiveCfg = Release|Any CPU
		{79560D16-BEE8-4A35-B3D3-4C17C4A458A3}.Release|Any CPU.Build.0 = Release|Any CPU
	EndGlobalSection
	GlobalSection(SolutionProperties) = preSolution
		HideSolutionNode = FALSE
	EndGlobalSection
	GlobalSection(ExtensibilityGlobals) = postSolution
		SolutionGuid = {8DB1CFDB-8231-4B15-8FCB-50B3DCE522B7}
	EndGlobalSection
EndGlobal
